
Microsoft Visual Studio Solution File, Format Version 12.00
# Visual Studio 2012
Project("{f2a71f9b-5d33-465a-a702-920d77279786}") = "ElectroElephant", "ElectroElephant\ElectroElephant.fsproj", "{431CAEA9-8D95-4A5E-A3BD-09CED1DC9F1E}"
EndProject
Project("{f2a71f9b-5d33-465a-a702-920d77279786}") = "ElectroElephant.Tests", "ElectroElephant.Tests\ElectroElephant.Tests.fsproj", "{22EFDB8B-89DE-48AD-90EA-D1E78FA2BBD9}"
EndProject
Project("{f2a71f9b-5d33-465a-a702-920d77279786}") = "ElectroElephan.Tests.Integration", "ElectroElephan.Tests.Integration\ElectroElephan.Tests.Integration.fsproj", "{28F6FF98-CAE9-4875-BE5E-112BBD4BA0F8}"
EndProject
Global
	GlobalSection(SolutionConfigurationPlatforms) = preSolution
		Debug|Any CPU = Debug|Any CPU
		Release|Any CPU = Release|Any CPU
	EndGlobalSection
	GlobalSection(ProjectConfigurationPlatforms) = postSolution
		{22EFDB8B-89DE-48AD-90EA-D1E78FA2BBD9}.Debug|Any CPU.ActiveCfg = Debug|Any CPU
		{22EFDB8B-89DE-48AD-90EA-D1E78FA2BBD9}.Debug|Any CPU.Build.0 = Debug|Any CPU
		{22EFDB8B-89DE-48AD-90EA-D1E78FA2BBD9}.Release|Any CPU.ActiveCfg = Release|Any CPU
		{22EFDB8B-89DE-48AD-90EA-D1E78FA2BBD9}.Release|Any CPU.Build.0 = Release|Any CPU
		{28F6FF98-CAE9-4875-BE5E-112BBD4BA0F8}.Debug|Any CPU.ActiveCfg = Debug|Any CPU
		{28F6FF98-CAE9-4875-BE5E-112BBD4BA0F8}.Debug|Any CPU.Build.0 = Debug|Any CPU
		{28F6FF98-CAE9-4875-BE5E-112BBD4BA0F8}.Release|Any CPU.ActiveCfg = Release|Any CPU
		{28F6FF98-CAE9-4875-BE5E-112BBD4BA0F8}.Release|Any CPU.Build.0 = Release|Any CPU
		{431CAEA9-8D95-4A5E-A3BD-09CED1DC9F1E}.Debug|Any CPU.ActiveCfg = Debug|Any CPU
		{431CAEA9-8D95-4A5E-A3BD-09CED1DC9F1E}.Debug|Any CPU.Build.0 = Debug|Any CPU
		{431CAEA9-8D95-4A5E-A3BD-09CED1DC9F1E}.Release|Any CPU.ActiveCfg = Release|Any CPU
		{431CAEA9-8D95-4A5E-A3BD-09CED1DC9F1E}.Release|Any CPU.Build.0 = Release|Any CPU
	EndGlobalSection
	GlobalSection(MonoDevelopProperties) = preSolution
		StartupItem = ElectroElephan.Tests.Integration\ElectroElephan.Tests.Integration.fsproj
		Policies = $0
		$0.TextStylePolicy = $1
		$1.FileWidth = 120
		$1.TabWidth = 2
		$1.IndentWidth = 2
		$1.inheritsSet = VisualStudio
		$1.inheritsScope = text/plain
		$1.scope = text/x-fsharp
		$0.FSharpFormattingPolicy = $2
		$2.DefaultFormat = $3
		$3.IndentOnTryWith = True
		$3.ReorderOpenDeclaration = True
		$3.SpaceAfterComma = True
		$3.SpaceAfterSemicolon = True
		$3.SpaceAroundDelimiter = True
		$3.SpaceBeforeArgument = True
		$3.SpaceBeforeColon = True
		$3.SemicolonAtEndOfLine = False
		$2.scope = text/x-fsharp
	EndGlobalSection
	GlobalSection(SolutionProperties) = preSolution
		HideSolutionNode = FALSE
	EndGlobalSection
EndGlobal
